{
    "_meta": {
        "hash": {
            "sha256": "97b616f20abd8aa1b2e7b21ecb20afae48d2f4fe34792350be6d7df85cdb203a"
        },
        "pipfile-spec": 6,
        "requires": {
            "python_version": "3.6"
        },
        "sources": [
            {
                "name": "pypi",
                "url": "https://pypi.org/simple",
                "verify_ssl": true
            }
        ]
    },
    "default": {
        "pyperclip": {
            "hashes": [
                "sha256:f70e83d27c445795b6bf98c2bc826bbf2d0d63d4c7f83091c8064439042ba0dc"
            ],
            "index": "pypi",
            "version": "==1.6.4"
        }
    },
    "develop": {}
}
